
Microsoft Visual Studio Solution File, Format Version 12.00
# Visual Studio Version 17
VisualStudioVersion = 17.5.33502.453
MinimumVisualStudioVersion = 10.0.40219.1
Project("{FAE04EC0-301F-11D3-BF4B-00C04F79EFBC}") = "Mission12_hwatso02", "Mission12_hwatso02.csproj", "{3C91A025-7C2D-4892-82E0-F5D2BE038E81}"
EndProject
Global
	GlobalSection(SolutionConfigurationPlatforms) = preSolution
		Debug|Any CPU = Debug|Any CPU
		Release|Any CPU = Release|Any CPU
	EndGlobalSection
	GlobalSection(ProjectConfigurationPlatforms) = postSolution
		{3C91A025-7C2D-4892-82E0-F5D2BE038E81}.Debug|Any CPU.ActiveCfg = Debug|Any CPU
		{3C91A025-7C2D-4892-82E0-F5D2BE038E81}.Debug|Any CPU.Build.0 = Debug|Any CPU
		{3C91A025-7C2D-4892-82E0-F5D2BE038E81}.Release|Any CPU.ActiveCfg = Release|Any CPU
		{3C91A025-7C2D-4892-82E0-F5D2BE038E81}.Release|Any CPU.Build.0 = Release|Any CPU
	EndGlobalSection
	GlobalSection(SolutionProperties) = preSolution
		HideSolutionNode = FALSE
	EndGlobalSection
	GlobalSection(ExtensibilityGlobals) = postSolution
		SolutionGuid = {A042123A-B885-452D-BF33-6A1D8567A772}
	EndGlobalSection
EndGlobal
